
Microsoft Visual Studio Solution File, Format Version 12.00
# Visual Studio 2013
VisualStudioVersion = 12.0.30723.0
MinimumVisualStudioVersion = 10.0.40219.1
Project("{8BC9CEB8-8B4A-11D0-8D11-00A0C91BC942}") = "IonScript", "IonScript\IonScript.vcxproj", "{2D360A90-4658-4669-898F-8B0DB6EFB236}"
EndProject
Project("{8BC9CEB8-8B4A-11D0-8D11-00A0C91BC942}") = "IonScriptTests", "IonScriptTests\IonScriptTests.vcxproj", "{E10DE7B2-4EB5-4C17-B589-ACA5594A13C3}"
EndProject
Project("{8BC9CEB8-8B4A-11D0-8D11-00A0C91BC942}") = "Common", "Common\Common.vcxproj", "{47F55C99-6AB6-40B9-85F2-649083386288}"
EndProject
Project("{8BC9CEB8-8B4A-11D0-8D11-00A0C91BC942}") = "IonDrive", "IonDrive\IonDrive.vcxproj", "{EED4DD1E-A1F8-4056-BED8-3D2F7DD5BE57}"
EndProject
Project("{8BC9CEB8-8B4A-11D0-8D11-00A0C91BC942}") = "SDL2", "SDL2-2.0.3\VisualC\SDL\SDL_VS2013.vcxproj", "{81CE8DAF-EBB2-4761-8E45-B71ABCCA8C68}"
EndProject
Project("{8BC9CEB8-8B4A-11D0-8D11-00A0C91BC942}") = "IonEngine", "IonEngine\IonEngine.vcxproj", "{80EE25EE-4E0E-4671-826F-B847319F9E12}"
EndProject
Global
	GlobalSection(SolutionConfigurationPlatforms) = preSolution
		Debug|Mixed Platforms = Debug|Mixed Platforms
		Debug|Win32 = Debug|Win32
		Debug|x64 = Debug|x64
		Release|Mixed Platforms = Release|Mixed Platforms
		Release|Win32 = Release|Win32
		Release|x64 = Release|x64
	EndGlobalSection
	GlobalSection(ProjectConfigurationPlatforms) = postSolution
		{2D360A90-4658-4669-898F-8B0DB6EFB236}.Debug|Mixed Platforms.ActiveCfg = Debug|Win32
		{2D360A90-4658-4669-898F-8B0DB6EFB236}.Debug|Mixed Platforms.Build.0 = Debug|Win32
		{2D360A90-4658-4669-898F-8B0DB6EFB236}.Debug|Win32.ActiveCfg = Debug|Win32
		{2D360A90-4658-4669-898F-8B0DB6EFB236}.Debug|Win32.Build.0 = Debug|Win32
		{2D360A90-4658-4669-898F-8B0DB6EFB236}.Debug|x64.ActiveCfg = Debug|x64
		{2D360A90-4658-4669-898F-8B0DB6EFB236}.Debug|x64.Build.0 = Debug|x64
		{2D360A90-4658-4669-898F-8B0DB6EFB236}.Release|Mixed Platforms.ActiveCfg = Release|Win32
		{2D360A90-4658-4669-898F-8B0DB6EFB236}.Release|Mixed Platforms.Build.0 = Release|Win32
		{2D360A90-4658-4669-898F-8B0DB6EFB236}.Release|Win32.ActiveCfg = Release|Win32
		{2D360A90-4658-4669-898F-8B0DB6EFB236}.Release|Win32.Build.0 = Release|Win32
		{2D360A90-4658-4669-898F-8B0DB6EFB236}.Release|x64.ActiveCfg = Release|Win32
		{E10DE7B2-4EB5-4C17-B589-ACA5594A13C3}.Debug|Mixed Platforms.ActiveCfg = Debug|Win32
		{E10DE7B2-4EB5-4C17-B589-ACA5594A13C3}.Debug|Mixed Platforms.Build.0 = Debug|Win32
		{E10DE7B2-4EB5-4C17-B589-ACA5594A13C3}.Debug|Win32.ActiveCfg = Debug|Win32
		{E10DE7B2-4EB5-4C17-B589-ACA5594A13C3}.Debug|Win32.Build.0 = Debug|Win32
		{E10DE7B2-4EB5-4C17-B589-ACA5594A13C3}.Debug|x64.ActiveCfg = Debug|x64
		{E10DE7B2-4EB5-4C17-B589-ACA5594A13C3}.Debug|x64.Build.0 = Debug|x64
		{E10DE7B2-4EB5-4C17-B589-ACA5594A13C3}.Release|Mixed Platforms.ActiveCfg = Release|Win32
		{E10DE7B2-4EB5-4C17-B589-ACA5594A13C3}.Release|Mixed Platforms.Build.0 = Release|Win32
		{E10DE7B2-4EB5-4C17-B589-ACA5594A13C3}.Release|Win32.ActiveCfg = Release|Win32
		{E10DE7B2-4EB5-4C17-B589-ACA5594A13C3}.Release|Win32.Build.0 = Release|Win32
		{E10DE7B2-4EB5-4C17-B589-ACA5594A13C3}.Release|x64.ActiveCfg = Release|Win32
		{47F55C99-6AB6-40B9-85F2-649083386288}.Debug|Mixed Platforms.ActiveCfg = Debug|Win32
		{47F55C99-6AB6-40B9-85F2-649083386288}.Debug|Mixed Platforms.Build.0 = Debug|Win32
		{47F55C99-6AB6-40B9-85F2-649083386288}.Debug|Win32.ActiveCfg = Debug|Win32
		{47F55C99-6AB6-40B9-85F2-649083386288}.Debug|Win32.Build.0 = Debug|Win32
		{47F55C99-6AB6-40B9-85F2-649083386288}.Debug|x64.ActiveCfg = Debug|x64
		{47F55C99-6AB6-40B9-85F2-649083386288}.Debug|x64.Build.0 = Debug|x64
		{47F55C99-6AB6-40B9-85F2-649083386288}.Release|Mixed Platforms.ActiveCfg = Release|Win32
		{47F55C99-6AB6-40B9-85F2-649083386288}.Release|Mixed Platforms.Build.0 = Release|Win32
		{47F55C99-6AB6-40B9-85F2-649083386288}.Release|Win32.ActiveCfg = Release|Win32
		{47F55C99-6AB6-40B9-85F2-649083386288}.Release|Win32.Build.0 = Release|Win32
		{47F55C99-6AB6-40B9-85F2-649083386288}.Release|x64.ActiveCfg = Release|Win32
		{EED4DD1E-A1F8-4056-BED8-3D2F7DD5BE57}.Debug|Mixed Platforms.ActiveCfg = Debug|Win32
		{EED4DD1E-A1F8-4056-BED8-3D2F7DD5BE57}.Debug|Mixed Platforms.Build.0 = Debug|Win32
		{EED4DD1E-A1F8-4056-BED8-3D2F7DD5BE57}.Debug|Win32.ActiveCfg = Debug|Win32
		{EED4DD1E-A1F8-4056-BED8-3D2F7DD5BE57}.Debug|Win32.Build.0 = Debug|Win32
		{EED4DD1E-A1F8-4056-BED8-3D2F7DD5BE57}.Debug|x64.ActiveCfg = Debug|x64
		{EED4DD1E-A1F8-4056-BED8-3D2F7DD5BE57}.Debug|x64.Build.0 = Debug|x64
		{EED4DD1E-A1F8-4056-BED8-3D2F7DD5BE57}.Release|Mixed Platforms.ActiveCfg = Release|Win32
		{EED4DD1E-A1F8-4056-BED8-3D2F7DD5BE57}.Release|Mixed Platforms.Build.0 = Release|Win32
		{EED4DD1E-A1F8-4056-BED8-3D2F7DD5BE57}.Release|Win32.ActiveCfg = Release|Win32
		{EED4DD1E-A1F8-4056-BED8-3D2F7DD5BE57}.Release|Win32.Build.0 = Release|Win32
		{EED4DD1E-A1F8-4056-BED8-3D2F7DD5BE57}.Release|x64.ActiveCfg = Release|Win32
		{81CE8DAF-EBB2-4761-8E45-B71ABCCA8C68}.Debug|Mixed Platforms.ActiveCfg = Debug|Win32
		{81CE8DAF-EBB2-4761-8E45-B71ABCCA8C68}.Debug|Mixed Platforms.Build.0 = Debug|Win32
		{81CE8DAF-EBB2-4761-8E45-B71ABCCA8C68}.Debug|Win32.ActiveCfg = Debug|Win32
		{81CE8DAF-EBB2-4761-8E45-B71ABCCA8C68}.Debug|Win32.Build.0 = Debug|Win32
		{81CE8DAF-EBB2-4761-8E45-B71ABCCA8C68}.Debug|x64.ActiveCfg = Debug|x64
		{81CE8DAF-EBB2-4761-8E45-B71ABCCA8C68}.Debug|x64.Build.0 = Debug|x64
		{81CE8DAF-EBB2-4761-8E45-B71ABCCA8C68}.Release|Mixed Platforms.ActiveCfg = Release|Win32
		{81CE8DAF-EBB2-4761-8E45-B71ABCCA8C68}.Release|Mixed Platforms.Build.0 = Release|Win32
		{81CE8DAF-EBB2-4761-8E45-B71ABCCA8C68}.Release|Win32.ActiveCfg = Release|Win32
		{81CE8DAF-EBB2-4761-8E45-B71ABCCA8C68}.Release|Win32.Build.0 = Release|Win32
		{81CE8DAF-EBB2-4761-8E45-B71ABCCA8C68}.Release|x64.ActiveCfg = Release|x64
		{81CE8DAF-EBB2-4761-8E45-B71ABCCA8C68}.Release|x64.Build.0 = Release|x64
		{80EE25EE-4E0E-4671-826F-B847319F9E12}.Debug|Mixed Platforms.ActiveCfg = Debug|Win32
		{80EE25EE-4E0E-4671-826F-B847319F9E12}.Debug|Mixed Platforms.Build.0 = Debug|Win32
		{80EE25EE-4E0E-4671-826F-B847319F9E12}.Debug|Win32.ActiveCfg = Debug|Win32
		{80EE25EE-4E0E-4671-826F-B847319F9E12}.Debug|Win32.Build.0 = Debug|Win32
		{80EE25EE-4E0E-4671-826F-B847319F9E12}.Debug|x64.ActiveCfg = Debug|x64
		{80EE25EE-4E0E-4671-826F-B847319F9E12}.Debug|x64.Build.0 = Debug|x64
		{80EE25EE-4E0E-4671-826F-B847319F9E12}.Release|Mixed Platforms.ActiveCfg = Release|Win32
		{80EE25EE-4E0E-4671-826F-B847319F9E12}.Release|Mixed Platforms.Build.0 = Release|Win32
		{80EE25EE-4E0E-4671-826F-B847319F9E12}.Release|Win32.ActiveCfg = Release|Win32
		{80EE25EE-4E0E-4671-826F-B847319F9E12}.Release|Win32.Build.0 = Release|Win32
		{80EE25EE-4E0E-4671-826F-B847319F9E12}.Release|x64.ActiveCfg = Release|Win32
	EndGlobalSection
	GlobalSection(SolutionProperties) = preSolution
		HideSolutionNode = FALSE
	EndGlobalSection
EndGlobal
